version = 1
revision = 3
requires-python = ">=3.13, <3.15"
resolution-markers = [
    "python_full_version >= '3.14' and sys_platform == 'win32'",
    "python_full_version < '3.14' and sys_platform == 'win32'",
]
supported-markers = [
    "sys_platform == 'win32'",
]

[[package]]
name = "aiofile"
version = "3.12.3"
source = { registry = "https://pypi.org/simple" }
dependencies = [
    { name = "caio" },
]

[[package]]
name = "annotated-types"
version = "0.8.0"
source = { registry = "https://pypi.org/simple" }

[[package]]
name = "anyio"
version = "4.15.1"
source = { registry = "https://pypi.org/simple" }
dependencies = [
    { name = "idna" },
    { name = "typing-extensions" },
]

[[package]]
name = "attrs"
version = "26.1.0"
source = { registry = "https://pypi.org/simple" }

[[package]]
name = "authlib"
version = "1.8.0"
source = { registry = "https://pypi.org/simple" }
dependencies = [
    { name = "cryptography" },
    { name = "joserfc" },
]

[[package]]
name = "backoff"
version = "2.2.1"
source = { registry = "https://pypi.org/simple" }

[[package]]
name = "beartype"
version = "0.22.9"
source = { registry = "https://pypi.org/simple" }

[[package]]
name = "beautifulsoup4"
version = "4.15.0"
source = { registry = "https://pypi.org/simple" }
dependencies = [
    { name = "soupsieve" },
    { name = "typing-extensions" },
]

[[package]]
name = "cachetools"
version = "7.1.8"
source = { registry = "https://pypi.org/simple" }

[[package]]
name = "caio"
version = "0.12.4"
source = { registry = "https://pypi.org/simple" }

[[package]]
name = "certifi"
version = "2026.7.22"
source = { registry = "https://pypi.org/simple" }

[[package]]
name = "cffi"
version = "2.1.1"
source = { registry = "https://pypi.org/simple" }
dependencies = [
    { name = "pycparser", marker = "implementation_name != 'PyPy'" },
]

[[package]]
name = "charset-normalizer"
version = "3.5.1"
source = { registry = "https://pypi.org/simple" }

[[package]]
name = "click"
version = "8.5.0"
source = { registry = "https://pypi.org/simple" }

[[package]]
name = "colorama"
version = "0.4.6"
source = { registry = "https://pypi.org/simple" }

[[package]]
name = "comtypes"
version = "1.4.16"
source = { registry = "https://pypi.org/simple" }

[[package]]
name = "cryptography"
version = "50.0.1"
source = { registry = "https://pypi.org/simple" }
dependencies = [
    { name = "cffi", marker = "platform_python_implementation != 'PyPy'" },
]

[[package]]
name = "cyclopts"
version = "4.25.2"
source = { registry = "https://pypi.org/simple" }
dependencies = [
    { name = "attrs" },
    { name = "docstring-parser" },
    { name = "rich" },
    { name = "rich-rst" },
]

[[package]]
name = "distro"
version = "1.9.0"
source = { registry = "https://pypi.org/simple" }

[[package]]
name = "dnspython"
version = "2.8.0"
source = { registry = "https://pypi.org/simple" }

[[package]]
name = "docstring-parser"
version = "0.18.0"
source = { registry = "https://pypi.org/simple" }

[[package]]
name = "dxcam"
version = "0.3.0"
source = { registry = "https://pypi.org/simple" }
dependencies = [
    { name = "comtypes" },
    { name = "numpy" },
]

[[package]]
name = "email-validator"
version = "2.3.0"
source = { registry = "https://pypi.org/simple" }
dependencies = [
    { name = "dnspython" },
    { name = "idna" },
]

[[package]]
name = "exceptiongroup"
version = "1.3.1"
source = { registry = "https://pypi.org/simple" }

[[package]]
name = "fastmcp"
version = "4.0.3"
source = { registry = "https://pypi.org/simple" }
dependencies = [
    { name = "fastmcp-slim", extra = ["client", "server"] },
]

[[package]]
name = "fastmcp-slim"
version = "4.0.3"
source = { registry = "https://pypi.org/simple" }
dependencies = [
    { name = "mcp-types" },
    { name = "platformdirs" },
    { name = "pydantic", extra = ["email"] },
    { name = "pydantic-settings" },
    { name = "python-dotenv" },
    { name = "rich" },
    { name = "typing-extensions" },
]

[package.optional-dependencies]
client = [
    { name = "authlib" },
    { name = "exceptiongroup" },
    { name = "httpx2" },
    { name = "mcp" },
    { name = "opentelemetry-api" },
    { name = "py-key-value-aio", extra = ["filetree", "keyring", "memory"] },
    { name = "starlette" },
]
server = [
    { name = "authlib" },
    { name = "cyclopts" },
    { name = "exceptiongroup" },
    { name = "griffelib" },
    { name = "httpx2" },
    { name = "joserfc" },
    { name = "jsonref" },
    { name = "jsonschema-path" },
    { name = "mcp" },
    { name = "openapi-pydantic" },
    { name = "opentelemetry-api" },
    { name = "packaging" },
    { name = "py-key-value-aio", extra = ["filetree", "keyring", "memory"] },
    { name = "pyperclip" },
    { name = "python-multipart" },
    { name = "pyyaml" },
    { name = "starlette" },
    { name = "uncalled-for" },
    { name = "uvicorn" },
    { name = "watchfiles" },
    { name = "websockets" },
]

[[package]]
name = "fuzzywuzzy"
version = "0.18.0"
source = { registry = "https://pypi.org/simple" }

[[package]]
name = "griffelib"
version = "2.3.0"
source = { registry = "https://pypi.org/simple" }

[[package]]
name = "h11"
version = "0.16.0"
source = { registry = "https://pypi.org/simple" }

[[package]]
name = "httpcore2"
version = "2.12.0"
source = { registry = "https://pypi.org/simple" }
dependencies = [
    { name = "h11" },
    { name = "truststore" },
]

[[package]]
name = "httpx2"
version = "2.12.0"
source = { registry = "https://pypi.org/simple" }
dependencies = [
    { name = "anyio" },
    { name = "httpcore2" },
    { name = "idna" },
    { name = "truststore" },
]

[[package]]
name = "idna"
version = "3.19"
source = { registry = "https://pypi.org/simple" }

[[package]]
name = "iniconfig"
version = "2.3.0"
source = { registry = "https://pypi.org/simple" }

[[package]]
name = "jaraco-classes"
version = "3.4.0"
source = { registry = "https://pypi.org/simple" }
dependencies = [
    { name = "more-itertools" },
]

[[package]]
name = "jaraco-context"
version = "6.1.2"
source = { registry = "https://pypi.org/simple" }

[[package]]
name = "jaraco-functools"
version = "4.6.0"
source = { registry = "https://pypi.org/simple" }
dependencies = [
    { name = "more-itertools" },
]

[[package]]
name = "joserfc"
version = "1.7.5"
source = { registry = "https://pypi.org/simple" }
dependencies = [
    { name = "cryptography" },
]

[[package]]
name = "jsonref"
version = "1.1.0"
source = { registry = "https://pypi.org/simple" }

[[package]]
name = "jsonschema"
version = "4.26.0"
source = { registry = "https://pypi.org/simple" }
dependencies = [
    { name = "attrs" },
    { name = "jsonschema-specifications" },
    { name = "referencing" },
    { name = "rpds-py" },
]

[[package]]
name = "jsonschema-path"
version = "0.5.0"
source = { registry = "https://pypi.org/simple" }
dependencies = [
    { name = "attrs" },
    { name = "pathable" },
    { name = "pyyaml" },
    { name = "referencing" },
]

[[package]]
name = "jsonschema-specifications"
version = "2025.9.1"
source = { registry = "https://pypi.org/simple" }
dependencies = [
    { name = "referencing" },
]

[[package]]
name = "keyring"
version = "25.7.0"
source = { registry = "https://pypi.org/simple" }
dependencies = [
    { name = "jaraco-classes" },
    { name = "jaraco-context" },
    { name = "jaraco-functools" },
    { name = "pywin32-ctypes" },
]

[[package]]
name = "levenshtein"
version = "0.27.5"
source = { registry = "https://pypi.org/simple" }
dependencies = [
    { name = "rapidfuzz" },
]

[[package]]
name = "markdown-it-py"
version = "4.2.0"
source = { registry = "https://pypi.org/simple" }
dependencies = [
    { name = "mdurl" },
]

[[package]]
name = "markdownify"
version = "1.2.3"
source = { registry = "https://pypi.org/simple" }
dependencies = [
    { name = "beautifulsoup4" },
    { name = "six" },
]

[[package]]
name = "mcp"
version = "2.2.0"
source = { registry = "https://pypi.org/simple" }
dependencies = [
    { name = "anyio" },
    { name = "httpx2" },
    { name = "jsonschema" },
    { name = "mcp-types" },
    { name = "opentelemetry-api" },
    { name = "pydantic" },
    { name = "pyjwt", extra = ["crypto"] },
    { name = "python-multipart" },
    { name = "pywin32" },
    { name = "sse-starlette" },
    { name = "starlette" },
    { name = "typing-extensions" },
    { name = "typing-inspection" },
    { name = "uvicorn" },
]

[[package]]
name = "mcp-types"
version = "2.2.0"
source = { registry = "https://pypi.org/simple" }
dependencies = [
    { name = "pydantic" },
    { name = "typing-extensions" },
]

[[package]]
name = "mdurl"
version = "0.1.2"
source = { registry = "https://pypi.org/simple" }

[[package]]
name = "more-itertools"
version = "11.1.0"
source = { registry = "https://pypi.org/simple" }

[[package]]
name = "numpy"
version = "2.5.3"
source = { registry = "https://pypi.org/simple" }

[[package]]
name = "openapi-pydantic"
version = "0.5.1"
source = { registry = "https://pypi.org/simple" }
dependencies = [
    { name = "pydantic" },
]

[[package]]
name = "opentelemetry-api"
version = "1.44.0"
source = { registry = "https://pypi.org/simple" }
dependencies = [
    { name = "typing-extensions" },
]

[[package]]
name = "packaging"
version = "26.3"
source = { registry = "https://pypi.org/simple" }

[[package]]
name = "pathable"
version = "0.6.0"
source = { registry = "https://pypi.org/simple" }

[[package]]
name = "pillow"
version = "12.3.0"
source = { registry = "https://pypi.org/simple" }

[[package]]
name = "platformdirs"
version = "4.11.8"
source = { registry = "https://pypi.org/simple" }

[[package]]
name = "pluggy"
version = "1.6.0"
source = { registry = "https://pypi.org/simple" }

[[package]]
name = "posthog"
version = "7.53.0"
source = { registry = "https://pypi.org/simple" }
dependencies = [
    { name = "backoff" },
    { name = "distro" },
    { name = "requests" },
    { name = "typing-extensions" },
]

[[package]]
name = "psutil"
version = "7.2.2"
source = { registry = "https://pypi.org/simple" }

[[package]]
name = "py-key-value-aio"
version = "0.4.5"
source = { registry = "https://pypi.org/simple" }
dependencies = [
    { name = "beartype" },
    { name = "typing-extensions" },
]

[package.optional-dependencies]
filetree = [
    { name = "aiofile" },
    { name = "anyio" },
]
keyring = [
    { name = "keyring" },
]
memory = [
    { name = "cachetools" },
]

[[package]]
name = "pycparser"
version = "3.0"
source = { registry = "https://pypi.org/simple" }

[[package]]
name = "pydantic"
version = "2.13.5"
source = { registry = "https://pypi.org/simple" }
dependencies = [
    { name = "annotated-types" },
    { name = "pydantic-core" },
    { name = "typing-extensions" },
    { name = "typing-inspection" },
]

[package.optional-dependencies]
email = [
    { name = "email-validator" },
]

[[package]]
name = "pydantic-core"
version = "2.46.5"
source = { registry = "https://pypi.org/simple" }
dependencies = [
    { name = "typing-extensions" },
]

[[package]]
name = "pydantic-settings"
version = "2.15.0"
source = { registry = "https://pypi.org/simple" }
dependencies = [
    { name = "pydantic" },
    { name = "python-dotenv" },
    { name = "typing-inspection" },
]

[[package]]
name = "pygments"
version = "2.21.0"
source = { registry = "https://pypi.org/simple" }

[[package]]
name = "pyjwt"
version = "2.14.0"
source = { registry = "https://pypi.org/simple" }

[package.optional-dependencies]
crypto = [
    { name = "cryptography" },
]

[[package]]
name = "pyperclip"
version = "1.11.0"
source = { registry = "https://pypi.org/simple" }

[[package]]
name = "pytest"
version = "9.1.1"
source = { registry = "https://pypi.org/simple" }
dependencies = [
    { name = "colorama" },
    { name = "iniconfig" },
    { name = "packaging" },
    { name = "pluggy" },
    { name = "pygments" },
]

[[package]]
name = "python-dotenv"
version = "1.2.3"
source = { registry = "https://pypi.org/simple" }

[[package]]
name = "python-levenshtein"
version = "0.27.5"
source = { registry = "https://pypi.org/simple" }
dependencies = [
    { name = "levenshtein" },
]

[[package]]
name = "python-multipart"
version = "0.0.32"
source = { registry = "https://pypi.org/simple" }

[[package]]
name = "pywin32"
version = "312"
source = { registry = "https://pypi.org/simple" }

[[package]]
name = "pywin32-ctypes"
version = "0.2.3"
source = { registry = "https://pypi.org/simple" }

[[package]]
name = "pyyaml"
version = "6.0.3"
source = { registry = "https://pypi.org/simple" }

[[package]]
name = "rapidfuzz"
version = "3.14.6"
source = { registry = "https://pypi.org/simple" }

[[package]]
name = "referencing"
version = "0.37.0"
source = { registry = "https://pypi.org/simple" }
dependencies = [
    { name = "attrs" },
    { name = "rpds-py" },
]

[[package]]
name = "requests"
version = "2.34.2"
source = { registry = "https://pypi.org/simple" }
dependencies = [
    { name = "certifi" },
    { name = "charset-normalizer" },
    { name = "idna" },
    { name = "urllib3" },
]

[[package]]
name = "rich"
version = "15.0.0"
source = { registry = "https://pypi.org/simple" }
dependencies = [
    { name = "markdown-it-py" },
    { name = "pygments" },
]

[[package]]
name = "rich-rst"
version = "2.1.0"
source = { registry = "https://pypi.org/simple" }
dependencies = [
    { name = "pygments" },
    { name = "rich" },
]

[[package]]
name = "rpds-py"
version = "2026.6.3"
source = { registry = "https://pypi.org/simple" }

[[package]]
name = "ruff"
version = "0.16.7"
source = { registry = "https://pypi.org/simple" }

[[package]]
name = "six"
version = "1.17.0"
source = { registry = "https://pypi.org/simple" }

[[package]]
name = "soupsieve"
version = "2.9.2"
source = { registry = "https://pypi.org/simple" }

[[package]]
name = "sse-starlette"
version = "3.4.11"
source = { registry = "https://pypi.org/simple" }
dependencies = [
    { name = "anyio" },
    { name = "starlette" },
]

[[package]]
name = "starlette"
version = "1.6.0"
source = { registry = "https://pypi.org/simple" }
dependencies = [
    { name = "anyio" },
]

[[package]]
name = "tabulate"
version = "0.10.0"
source = { registry = "https://pypi.org/simple" }

[[package]]
name = "thefuzz"
version = "0.22.1"
source = { registry = "https://pypi.org/simple" }
dependencies = [
    { name = "rapidfuzz" },
]

[[package]]
name = "truststore"
version = "0.10.4"
source = { registry = "https://pypi.org/simple" }

[[package]]
name = "typing-extensions"
version = "4.16.0"
source = { registry = "https://pypi.org/simple" }

[[package]]
name = "typing-inspection"
version = "0.4.4"
source = { registry = "https://pypi.org/simple" }
dependencies = [
    { name = "typing-extensions" },
]

[[package]]
name = "uncalled-for"
version = "0.4.0"
source = { registry = "https://pypi.org/simple" }

[[package]]
name = "urllib3"
version = "2.7.0"
source = { registry = "https://pypi.org/simple" }

[[package]]
name = "uuid7"
version = "0.1.0"
source = { registry = "https://pypi.org/simple" }

[[package]]
name = "uvicorn"
version = "0.52.4"
source = { registry = "https://pypi.org/simple" }
dependencies = [
    { name = "click" },
    { name = "h11" },
]

[[package]]
name = "watchfiles"
version = "1.2.0"
source = { registry = "https://pypi.org/simple" }
dependencies = [
    { name = "anyio" },
]

[[package]]
name = "websockets"
version = "17.1"
source = { registry = "https://pypi.org/simple" }

[[package]]
name = "windows-mcp"
version = "0.8.5"
source = { registry = "https://pypi.org/simple" }
dependencies = [
    { name = "click" },
    { name = "comtypes" },
    { name = "dxcam" },
    { name = "fastmcp" },
    { name = "fuzzywuzzy" },
    { name = "markdownify" },
    { name = "pillow" },
    { name = "platformdirs" },
    { name = "posthog" },
    { name = "psutil" },
    { name = "pygments" },
    { name = "python-levenshtein" },
    { name = "pywin32" },
    { name = "requests" },
    { name = "tabulate" },
    { name = "thefuzz" },
    { name = "uuid7" },
]

[[package]]
name = "infinite-computer-use-mcp"
version = "0.1.0"
source = { virtual = "." }
dependencies = [
    { name = "psutil" },
    { name = "windows-mcp" },
]

[package.dev-dependencies]
dev = [
    { name = "pytest" },
    { name = "ruff" },
]

[package.metadata]
requires-dist = [
    { name = "psutil", specifier = ">=7.0.0" },
    { name = "windows-mcp", specifier = "==0.8.5" },
]

[package.metadata.requires-dev]
dev = [
    { name = "pytest", specifier = ">=8.0" },
    { name = "ruff", specifier = ">=0.12" },
]
